
Microsoft Visual Studio Solution File, Format Version 12.00
# Visual Studio Version 17
VisualStudioVersion = 17.3.32922.545
MinimumVisualStudioVersion = 10.0.40219.1
Project("{9A19103F-16F7-4668-BE54-9A1E7A4F7556}") = "TiSmart_ToDoList", "TiSmart_ToDoList\TiSmart_ToDoList.csproj", "{BDE021CB-6BE1-41A5-BECE-D7F1C22134A7}"
EndProject
Project("{FAE04EC0-301F-11D3-BF4B-00C04F79EFBC}") = "DBConnectSvc", "DBConnectSvc\DBConnectSvc.csproj", "{69616C9A-D99E-4D5D-AF30-399A067AB3E0}"
EndProject
Project("{FAE04EC0-301F-11D3-BF4B-00C04F79EFBC}") = "ToDoList_WebApi", "ToDoList_WebApi\ToDoList_WebApi.csproj", "{D76609E3-E935-4AA8-99C4-43DCEBF6DC06}"
EndProject
Global
	GlobalSection(SolutionConfigurationPlatforms) = preSolution
		Debug|Any CPU = Debug|Any CPU
		Release|Any CPU = Release|Any CPU
	EndGlobalSection
	GlobalSection(ProjectConfigurationPlatforms) = postSolution
		{BDE021CB-6BE1-41A5-BECE-D7F1C22134A7}.Debug|Any CPU.ActiveCfg = Debug|Any CPU
		{BDE021CB-6BE1-41A5-BECE-D7F1C22134A7}.Debug|Any CPU.Build.0 = Debug|Any CPU
		{BDE021CB-6BE1-41A5-BECE-D7F1C22134A7}.Release|Any CPU.ActiveCfg = Release|Any CPU
		{BDE021CB-6BE1-41A5-BECE-D7F1C22134A7}.Release|Any CPU.Build.0 = Release|Any CPU
		{69616C9A-D99E-4D5D-AF30-399A067AB3E0}.Debug|Any CPU.ActiveCfg = Debug|Any CPU
		{69616C9A-D99E-4D5D-AF30-399A067AB3E0}.Debug|Any CPU.Build.0 = Debug|Any CPU
		{69616C9A-D99E-4D5D-AF30-399A067AB3E0}.Release|Any CPU.ActiveCfg = Release|Any CPU
		{69616C9A-D99E-4D5D-AF30-399A067AB3E0}.Release|Any CPU.Build.0 = Release|Any CPU
		{D76609E3-E935-4AA8-99C4-43DCEBF6DC06}.Debug|Any CPU.ActiveCfg = Debug|Any CPU
		{D76609E3-E935-4AA8-99C4-43DCEBF6DC06}.Debug|Any CPU.Build.0 = Debug|Any CPU
		{D76609E3-E935-4AA8-99C4-43DCEBF6DC06}.Release|Any CPU.ActiveCfg = Release|Any CPU
		{D76609E3-E935-4AA8-99C4-43DCEBF6DC06}.Release|Any CPU.Build.0 = Release|Any CPU
	EndGlobalSection
	GlobalSection(SolutionProperties) = preSolution
		HideSolutionNode = FALSE
	EndGlobalSection
	GlobalSection(ExtensibilityGlobals) = postSolution
		SolutionGuid = {05EE4D89-2D3E-44B2-A832-7DD69CC81417}
	EndGlobalSection
EndGlobal
